{
  "version": 4,
  "terraform_version": "1.1.7",
  "serial": 15,
  "lineage": "1695afa1-1c38-5a0a-cdd2-a7b47f438ca0",
  "outputs": {},
  "resources": [
    {
      "mode": "managed",
      "type": "volterra_app_firewall",
      "name": "waap-tf",
      "provider": "provider[\"registry.terraform.io/volterraedge/volterra\"]",
      "instances": [
        {
          "schema_version": 0,
          "attributes": {
            "allow_all_response_codes": true,
            "allowed_response_codes": [],
            "annotations": null,
            "blocking": true,
            "blocking_page": [],
            "bot_protection_setting": [],
            "custom_anonymization": [],
            "default_anonymization": true,
            "default_bot_setting": true,
            "default_detection_settings": true,
            "description": "",
            "detection_settings": [],
            "disable": false,
            "disable_anonymization": null,
            "id": "485a84ee-3e1b-4a01-b195-a89df86866a8",
            "labels": null,
            "monitoring": null,
            "name": "my-wapp-policy",
            "namespace": "vertaforce",
            "use_default_blocking_page": true,
            "use_loadbalancer_setting": true
          },
          "sensitive_attributes": [],
          "private": "bnVsbA=="
        }
      ]
    },
    {
      "mode": "managed",
      "type": "volterra_http_loadbalancer",
      "name": "lb-https-tf",
      "provider": "provider[\"registry.terraform.io/volterraedge/volterra\"]",
      "instances": [
        {
          "schema_version": 0,
          "attributes": {
            "active_service_policies": [],
            "add_location": null,
            "advertise_custom": [],
            "advertise_on_public": [],
            "advertise_on_public_default_vip": true,
            "annotations": null,
            "api_definitions": [],
            "app_firewall": [
              {
                "name": "my-wapp-policy",
                "namespace": "vertaforce",
                "tenant": ""
              }
            ],
            "blocked_clients": [],
            "bot_defense": [],
            "captcha_challenge": [],
            "cookie_stickiness": [],
            "cors_policy": [],
            "data_guard_rules": [],
            "ddos_mitigation_rules": [],
            "default_route_pools": [
              {
                "cluster": [],
                "endpoint_subsets": null,
                "pool": [
                  {
                    "kind": "",
                    "name": "my-origin-pool",
                    "namespace": "vertaforce",
                    "tenant": ""
                  }
                ],
                "priority": 0,
                "weight": 1
              }
            ],
            "description": "",
            "disable": false,
            "disable_bot_defense": null,
            "disable_rate_limit": true,
            "disable_waf": null,
            "do_not_advertise": null,
            "domains": [
              "vertaforce.volt.emea.f5net.com"
            ],
            "http": [],
            "https": [],
            "https_auto_cert": [
              {
                "add_hsts": true,
                "append_server_name": "",
                "default_header": null,
                "disable_path_normalize": null,
                "enable_path_normalize": true,
                "http_redirect": true,
                "no_mtls": true,
                "pass_through": null,
                "server_name": "",
                "tls_config": [
                  {
                    "custom_security": [],
                    "default_security": true,
                    "low_security": null,
                    "medium_security": null
                  }
                ],
                "use_mtls": []
              }
            ],
            "id": "ebcb890e-5275-4ca5-8d05-b945d75d4d43",
            "js_challenge": [],
            "labels": null,
            "least_active": null,
            "malicious_user_mitigation": [],
            "more_option": [],
            "multi_lb_app": true,
            "name": "vertaforce-app1",
            "namespace": "vertaforce",
            "no_challenge": true,
            "no_service_policies": true,
            "policy_based_challenge": [],
            "random": null,
            "rate_limit": [],
            "ring_hash": [],
            "round_robin": null,
            "routes": [],
            "service_policies_from_namespace": null,
            "single_lb_app": [],
            "source_ip_stickiness": true,
            "trusted_clients": [],
            "user_id_client_ip": true,
            "user_identification": [],
            "waf": [],
            "waf_exclusion_rules": [],
            "waf_rule": []
          },
          "sensitive_attributes": [],
          "private": "bnVsbA==",
          "dependencies": [
            "volterra_origin_pool.op-ip-internal"
          ]
        }
      ]
    },
    {
      "mode": "managed",
      "type": "volterra_origin_pool",
      "name": "op-ip-internal",
      "provider": "provider[\"registry.terraform.io/volterraedge/volterra\"]",
      "instances": [
        {
          "schema_version": 0,
          "attributes": {
            "advanced_options": [],
            "annotations": null,
            "description": "",
            "disable": false,
            "endpoint_selection": "LOCALPREFERED",
            "health_check_port": null,
            "healthcheck": [],
            "id": "dfdfe7e3-1972-4498-843f-e361156a422d",
            "labels": null,
            "loadbalancer_algorithm": "LB_OVERRIDE",
            "name": "my-origin-pool",
            "namespace": "vertaforce",
            "no_tls": true,
            "origin_servers": [
              {
                "consul_service": [],
                "custom_endpoint_object": [],
                "k8s_service": [],
                "labels": null,
                "private_ip": [],
                "private_name": [],
                "public_ip": [],
                "public_name": [
                  {
                    "dns_name": "vertaforce.emea.f5net.com"
                  }
                ],
                "vn_private_ip": [],
                "vn_private_name": []
              }
            ],
            "port": 80,
            "same_as_endpoint_port": null,
            "use_tls": []
          },
          "sensitive_attributes": [],
          "private": "bnVsbA=="
        }
      ]
    }
  ]
}
